
Microsoft Visual Studio Solution File, Format Version 12.00
# Visual Studio Version 16
VisualStudioVersion = 16.0.29102.190
MinimumVisualStudioVersion = 10.0.40219.1
Project("{9A19103F-16F7-4668-BE54-9A1E7A4F7556}") = "MTSC", "MTSC\MTSC.csproj", "{869DAEBC-5884-43C9-BA0B-2C4376A7ED1C}"
EndProject
Project("{9A19103F-16F7-4668-BE54-9A1E7A4F7556}") = "MTSC-TestServer", "MTSC-TestServer\MTSC-TestServer.csproj", "{08A53F8F-BA6B-4C1C-B24B-CFD2626DE6C3}"
EndProject
Project("{9A19103F-16F7-4668-BE54-9A1E7A4F7556}") = "MTSC-TestClient", "MTSC-TestClient\MTSC-TestClient.csproj", "{B6792D3B-E141-48AC-B1E1-BCC0096ECF51}"
EndProject
Global
	GlobalSection(SolutionConfigurationPlatforms) = preSolution
		Debug|Any CPU = Debug|Any CPU
		Debug|x64 = Debug|x64
		Release|Any CPU = Release|Any CPU
		Release|x64 = Release|x64
	EndGlobalSection
	GlobalSection(ProjectConfigurationPlatforms) = postSolution
		{869DAEBC-5884-43C9-BA0B-2C4376A7ED1C}.Debug|Any CPU.ActiveCfg = Debug|Any CPU
		{869DAEBC-5884-43C9-BA0B-2C4376A7ED1C}.Debug|Any CPU.Build.0 = Debug|Any CPU
		{869DAEBC-5884-43C9-BA0B-2C4376A7ED1C}.Debug|x64.ActiveCfg = Debug|x64
		{869DAEBC-5884-43C9-BA0B-2C4376A7ED1C}.Debug|x64.Build.0 = Debug|x64
		{869DAEBC-5884-43C9-BA0B-2C4376A7ED1C}.Release|Any CPU.ActiveCfg = Release|Any CPU
		{869DAEBC-5884-43C9-BA0B-2C4376A7ED1C}.Release|Any CPU.Build.0 = Release|Any CPU
		{869DAEBC-5884-43C9-BA0B-2C4376A7ED1C}.Release|x64.ActiveCfg = Release|x64
		{869DAEBC-5884-43C9-BA0B-2C4376A7ED1C}.Release|x64.Build.0 = Release|x64
		{08A53F8F-BA6B-4C1C-B24B-CFD2626DE6C3}.Debug|Any CPU.ActiveCfg = Debug|x64
		{08A53F8F-BA6B-4C1C-B24B-CFD2626DE6C3}.Debug|Any CPU.Build.0 = Debug|x64
		{08A53F8F-BA6B-4C1C-B24B-CFD2626DE6C3}.Debug|x64.ActiveCfg = Debug|x64
		{08A53F8F-BA6B-4C1C-B24B-CFD2626DE6C3}.Debug|x64.Build.0 = Debug|x64
		{08A53F8F-BA6B-4C1C-B24B-CFD2626DE6C3}.Release|Any CPU.ActiveCfg = Release|Any CPU
		{08A53F8F-BA6B-4C1C-B24B-CFD2626DE6C3}.Release|Any CPU.Build.0 = Release|Any CPU
		{08A53F8F-BA6B-4C1C-B24B-CFD2626DE6C3}.Release|x64.ActiveCfg = Release|x64
		{08A53F8F-BA6B-4C1C-B24B-CFD2626DE6C3}.Release|x64.Build.0 = Release|x64
		{B6792D3B-E141-48AC-B1E1-BCC0096ECF51}.Debug|Any CPU.ActiveCfg = Debug|Any CPU
		{B6792D3B-E141-48AC-B1E1-BCC0096ECF51}.Debug|Any CPU.Build.0 = Debug|Any CPU
		{B6792D3B-E141-48AC-B1E1-BCC0096ECF51}.Debug|x64.ActiveCfg = Debug|Any CPU
		{B6792D3B-E141-48AC-B1E1-BCC0096ECF51}.Debug|x64.Build.0 = Debug|Any CPU
		{B6792D3B-E141-48AC-B1E1-BCC0096ECF51}.Release|Any CPU.ActiveCfg = Release|Any CPU
		{B6792D3B-E141-48AC-B1E1-BCC0096ECF51}.Release|Any CPU.Build.0 = Release|Any CPU
		{B6792D3B-E141-48AC-B1E1-BCC0096ECF51}.Release|x64.ActiveCfg = Release|Any CPU
		{B6792D3B-E141-48AC-B1E1-BCC0096ECF51}.Release|x64.Build.0 = Release|Any CPU
	EndGlobalSection
	GlobalSection(SolutionProperties) = preSolution
		HideSolutionNode = FALSE
	EndGlobalSection
	GlobalSection(ExtensibilityGlobals) = postSolution
		SolutionGuid = {21927EEC-039C-4B44-A172-7A11F5CDAE49}
	EndGlobalSection
EndGlobal
